
Microsoft Visual Studio Solution File, Format Version 12.00
# Visual Studio Version 17
VisualStudioVersion = 17.4.33205.214
MinimumVisualStudioVersion = 10.0.40219.1
Project("{9A19103F-16F7-4668-BE54-9A1E7A4F7556}") = "HTTPClientDemo", "HTTPClientDemo\HTTPClientDemo.csproj", "{78E079F4-4AA3-40F0-B646-7FD251EC7289}"
EndProject
Project("{9A19103F-16F7-4668-BE54-9A1E7A4F7556}") = "MyServer.HTTP", "MyServer.HTTP\MyServer.HTTP.csproj", "{AB85A50F-5628-456E-A2FA-D2969340F69B}"
EndProject
Project("{9A19103F-16F7-4668-BE54-9A1E7A4F7556}") = "MyServer.MvcFramework", "MyMvcFramework\MyServer.MvcFramework.csproj", "{23422D1A-A039-470A-A265-7D56D1FF368D}"
EndProject
Project("{2150E333-8FDC-42A3-9474-1A3956D46DE8}") = "Apps", "Apps", "{87F3556B-9AC6-49E5-8969-CAB4280EEC50}"
EndProject
Project("{9A19103F-16F7-4668-BE54-9A1E7A4F7556}") = "MyFirstMvcApp", "Apps\MyFirstMvcApp\MyFirstMvcApp.csproj", "{7DA5A7C5-118E-4D63-9F4B-735E83776665}"
EndProject
Project("{2150E333-8FDC-42A3-9474-1A3956D46DE8}") = "wwwroot", "wwwroot", "{175369E4-1764-45E6-8F45-701A1A018CA2}"
EndProject
Project("{FAE04EC0-301F-11D3-BF4B-00C04F79EFBC}") = "MyServer.MvcFramework.Test", "MyServer.MvcFramework.Test\MyServer.MvcFramework.Test.csproj", "{14789A67-18D7-4BF2-B025-1ABB235FADFA}"
EndProject
Global
	GlobalSection(SolutionConfigurationPlatforms) = preSolution
		Debug|Any CPU = Debug|Any CPU
		Release|Any CPU = Release|Any CPU
	EndGlobalSection
	GlobalSection(ProjectConfigurationPlatforms) = postSolution
		{78E079F4-4AA3-40F0-B646-7FD251EC7289}.Debug|Any CPU.ActiveCfg = Debug|Any CPU
		{78E079F4-4AA3-40F0-B646-7FD251EC7289}.Debug|Any CPU.Build.0 = Debug|Any CPU
		{78E079F4-4AA3-40F0-B646-7FD251EC7289}.Release|Any CPU.ActiveCfg = Release|Any CPU
		{78E079F4-4AA3-40F0-B646-7FD251EC7289}.Release|Any CPU.Build.0 = Release|Any CPU
		{AB85A50F-5628-456E-A2FA-D2969340F69B}.Debug|Any CPU.ActiveCfg = Debug|Any CPU
		{AB85A50F-5628-456E-A2FA-D2969340F69B}.Debug|Any CPU.Build.0 = Debug|Any CPU
		{AB85A50F-5628-456E-A2FA-D2969340F69B}.Release|Any CPU.ActiveCfg = Release|Any CPU
		{AB85A50F-5628-456E-A2FA-D2969340F69B}.Release|Any CPU.Build.0 = Release|Any CPU
		{23422D1A-A039-470A-A265-7D56D1FF368D}.Debug|Any CPU.ActiveCfg = Debug|Any CPU
		{23422D1A-A039-470A-A265-7D56D1FF368D}.Debug|Any CPU.Build.0 = Debug|Any CPU
		{23422D1A-A039-470A-A265-7D56D1FF368D}.Release|Any CPU.ActiveCfg = Release|Any CPU
		{23422D1A-A039-470A-A265-7D56D1FF368D}.Release|Any CPU.Build.0 = Release|Any CPU
		{7DA5A7C5-118E-4D63-9F4B-735E83776665}.Debug|Any CPU.ActiveCfg = Debug|Any CPU
		{7DA5A7C5-118E-4D63-9F4B-735E83776665}.Debug|Any CPU.Build.0 = Debug|Any CPU
		{7DA5A7C5-118E-4D63-9F4B-735E83776665}.Release|Any CPU.ActiveCfg = Release|Any CPU
		{7DA5A7C5-118E-4D63-9F4B-735E83776665}.Release|Any CPU.Build.0 = Release|Any CPU
		{14789A67-18D7-4BF2-B025-1ABB235FADFA}.Debug|Any CPU.ActiveCfg = Debug|Any CPU
		{14789A67-18D7-4BF2-B025-1ABB235FADFA}.Debug|Any CPU.Build.0 = Debug|Any CPU
		{14789A67-18D7-4BF2-B025-1ABB235FADFA}.Release|Any CPU.ActiveCfg = Release|Any CPU
		{14789A67-18D7-4BF2-B025-1ABB235FADFA}.Release|Any CPU.Build.0 = Release|Any CPU
	EndGlobalSection
	GlobalSection(SolutionProperties) = preSolution
		HideSolutionNode = FALSE
	EndGlobalSection
	GlobalSection(NestedProjects) = preSolution
		{7DA5A7C5-118E-4D63-9F4B-735E83776665} = {87F3556B-9AC6-49E5-8969-CAB4280EEC50}
	EndGlobalSection
	GlobalSection(ExtensibilityGlobals) = postSolution
		SolutionGuid = {ADC8CB07-7E6B-4AF1-A7DA-7E1465CEE363}
	EndGlobalSection
EndGlobal
